// !$*UTF8*$!
{
	archiveVersion = 1;
	classes = {
	};
	objectVersion = 77;
	objects = {

/* Begin PBXBuildFile section */
		6D47287C2E90CD8A00B95293 /* buzzer.wav in Resources */ = {isa = PBXBuildFile; fileRef = 6D47287B2E90CD8A00B95293 /* buzzer.wav */; };
/* End PBXBuildFile section */

/* Begin PBXContainerItemProxy section */
		6D72CC052E90B3DC005D785A /* PBXContainerItemProxy */ = {
			isa = PBXContainerItemProxy;
			containerPortal = 6D72CBEC2E90B3D8005D785A /* Project object */;
			proxyType = 1;
			remoteGlobalIDString = 6D72CBF32E90B3D9005D785A;
			remoteInfo = "B-Ball Timer";
		};
		6D72CC0F2E90B3DC005D785A /* PBXContainerItemProxy */ = {
			isa = PBXContainerItemProxy;
			containerPortal = 6D72CBEC2E90B3D8005D785A /* Project object */;
			proxyType = 1;
			remoteGlobalIDString = 6D72CBF32E90B3D9005D785A;
			remoteInfo = "B-Ball Timer";
		};
/* End PBXContainerItemProxy section */

/* Begin PBXFileReference section */
		6D47287B2E90CD8A00B95293 /* buzzer.wav */ = {isa = PBXFileReference; lastKnownFileType = audio.wav; path = buzzer.wav; sourceTree = "<group>"; };
		6D72CBF42E90B3D9005D785A /* Basket Timer.app */ = {isa = PBXFileReference; explicitFileType = wrapper.application; includeInIndex = 0; path = "Basket Timer.app"; sourceTree = BUILT_PRODUCTS_DIR; };
		6D72CC042E90B3DC005D785A /* Basket TimerTests.xctest */ = {isa = PBXFileReference; explicitFileType = wrapper.cfbundle; includeInIndex = 0; path = "Basket TimerTests.xctest"; sourceTree = BUILT_PRODUCTS_DIR; };
		6D72CC0E2E90B3DC005D785A /* Basket TimerUITests.xctest */ = {isa = PBXFileReference; explicitFileType = wrapper.cfbundle; includeInIndex = 0; path = "Basket TimerUITests.xctest"; sourceTree = BUILT_PRODUCTS_DIR; };
/* End PBXFileReference section */

/* Begin PBXFileSystemSynchronizedRootGroup section */
		6D72CBF62E90B3D9005D785A /* Basket Timer */ = {
			isa = PBXFileSystemSynchronizedRootGroup;
			path = "Basket Timer";
			sourceTree = "<group>";
		};
		6D72CC072E90B3DC005D785A /* Basket TimerTests */ = {
			isa = PBXFileSystemSynchronizedRootGroup;
			path = "Basket TimerTests";
			sourceTree = "<group>";
		};
		6D72CC112E90B3DC005D785A /* Basket TimerUITests */ = {
			isa = PBXFileSystemSynchronizedRootGroup;
			path = "Basket TimerUITests";
			sourceTree = "<group>";
		};
/* End PBXFileSystemSynchronizedRootGroup section */

/* Begin PBXFrameworksBuildPhase section */
		6D72CBF12E90B3D9005D785A /* Frameworks */ = {
			isa = PBXFrameworksBuildPhase;
			buildActionMask = 2147483647;
			files = (
			);
			runOnlyForDeploymentPostprocessing = 0;
		};
		6D72CC012E90B3DC005D785A /* Frameworks */ = {
			isa = PBXFrameworksBuildPhase;
			buildActionMask = 2147483647;
			files = (
			);
			runOnlyForDeploymentPostprocessing = 0;
		};
		6D72CC0B2E90B3DC005D785A /* Frameworks */ = {
			isa = PBXFrameworksBuildPhase;
			buildActionMask = 2147483647;
			files = (
			);
			runOnlyForDeploymentPostprocessing = 0;
		};
/* End PBXFrameworksBuildPhase section */

/* Begin PBXGroup section */
		6D72CBEB2E90B3D8005D785A = {
			isa = PBXGroup;
			children = (
				6D72CBF62E90B3D9005D785A /* Basket Timer */,
				6D72CC072E90B3DC005D785A /* Basket TimerTests */,
				6D72CC112E90B3DC005D785A /* Basket TimerUITests */,
				6D72CBF52E90B3D9005D785A /* Products */,
				6D47287B2E90CD8A00B95293 /* buzzer.wav */,
			);
			sourceTree = "<group>";
		};
		6D72CBF52E90B3D9005D785A /* Products */ = {
			isa = PBXGroup;
			children = (
				6D72CBF42E90B3D9005D785A /* Basket Timer.app */,
				6D72CC042E90B3DC005D785A /* Basket TimerTests.xctest */,
				6D72CC0E2E90B3DC005D785A /* Basket TimerUITests.xctest */,
			);
			name = Products;
			sourceTree = "<group>";
		};
/* End PBXGroup section */

/* Begin PBXNativeTarget section */
		6D72CBF32E90B3D9005D785A /* Basket Timer */ = {
			isa = PBXNativeTarget;
			buildConfigurationList = 6D72CC182E90B3DC005D785A /* Build configuration list for PBXNativeTarget "Basket Timer" */;
			buildPhases = (
				6D72CBF02E90B3D9005D785A /* Sources */,
				6D72CBF12E90B3D9005D785A /* Frameworks */,
				6D72CBF22E90B3D9005D785A /* Resources */,
			);
			buildRules = (
			);
			dependencies = (
			);
			fileSystemSynchronizedGroups = (
				6D72CBF62E90B3D9005D785A /* Basket Timer */,
			);
			name = "Basket Timer";
			packageProductDependencies = (
			);
			productName = "B-Ball Timer";
			productReference = 6D72CBF42E90B3D9005D785A /* Basket Timer.app */;
			productType = "com.apple.product-type.application";
		};
		6D72CC032E90B3DC005D785A /* Basket TimerTests */ = {
			isa = PBXNativeTarget;
			buildConfigurationList = 6D72CC1B2E90B3DC005D785A /* Build configuration list for PBXNativeTarget "Basket TimerTests" */;
			buildPhases = (
				6D72CC002E90B3DC005D785A /* Sources */,
				6D72CC012E90B3DC005D785A /* Frameworks */,
				6D72CC022E90B3DC005D785A /* Resources */,
			);
			buildRules = (
			);
			dependencies = (
				6D72CC062E90B3DC005D785A /* PBXTargetDependency */,
			);
			fileSystemSynchronizedGroups = (
				6D72CC072E90B3DC005D785A /* Basket TimerTests */,
			);
			name = "Basket TimerTests";
			packageProductDependencies = (
			);
			productName = "B-Ball TimerTests";
			productReference = 6D72CC042E90B3DC005D785A /* Basket TimerTests.xctest */;
			productType = "com.apple.product-type.bundle.unit-test";
		};
		6D72CC0D2E90B3DC005D785A /* Basket TimerUITests */ = {
			isa = PBXNativeTarget;
			buildConfigurationList = 6D72CC1E2E90B3DC005D785A /* Build configuration list for PBXNativeTarget "Basket TimerUITests" */;
			buildPhases = (
				6D72CC0A2E90B3DC005D785A /* Sources */,
				6D72CC0B2E90B3DC005D785A /* Frameworks */,
				6D72CC0C2E90B3DC005D785A /* Resources */,
			);
			buildRules = (
			);
			dependencies = (
				6D72CC102E90B3DC005D785A /* PBXTargetDependency */,
			);
			fileSystemSynchronizedGroups = (
				6D72CC112E90B3DC005D785A /* Basket TimerUITests */,
			);
			name = "Basket TimerUITests";
			packageProductDependencies = (
			);
			productName = "B-Ball TimerUITests";
			productReference = 6D72CC0E2E90B3DC005D785A /* Basket TimerUITests.xctest */;
			productType = "com.apple.product-type.bundle.ui-testing";
		};
/* End PBXNativeTarget section */

/* Begin PBXProject section */
		6D72CBEC2E90B3D8005D785A /* Project object */ = {
			isa = PBXProject;
			attributes = {
				BuildIndependentTargetsInParallel = 1;
				LastSwiftUpdateCheck = 1620;
				LastUpgradeCheck = 1620;
				TargetAttributes = {
					6D72CBF32E90B3D9005D785A = {
						CreatedOnToolsVersion = 16.2;
					};
					6D72CC032E90B3DC005D785A = {
						CreatedOnToolsVersion = 16.2;
						TestTargetID = 6D72CBF32E90B3D9005D785A;
					};
					6D72CC0D2E90B3DC005D785A = {
						CreatedOnToolsVersion = 16.2;
						TestTargetID = 6D72CBF32E90B3D9005D785A;
					};
				};
			};
			buildConfigurationList = 6D72CBEF2E90B3D8005D785A /* Build configuration list for PBXProject "Basket Timer" */;
			developmentRegion = en;
			hasScannedForEncodings = 0;
			knownRegions = (
				en,
				Base,
			);
			mainGroup = 6D72CBEB2E90B3D8005D785A;
			minimizedProjectReferenceProxies = 1;
			preferredProjectObjectVersion = 77;
			productRefGroup = 6D72CBF52E90B3D9005D785A /* Products */;
			projectDirPath = "";
			projectRoot = "";
			targets = (
				6D72CBF32E90B3D9005D785A /* Basket Timer */,
				6D72CC032E90B3DC005D785A /* Basket TimerTests */,
				6D72CC0D2E90B3DC005D785A /* Basket TimerUITests */,
			);
		};
/* End PBXProject section */

/* Begin PBXResourcesBuildPhase section */
		6D72CBF22E90B3D9005D785A /* Resources */ = {
			isa = PBXResourcesBuildPhase;
			buildActionMask = 2147483647;
			files = (
				6D47287C2E90CD8A00B95293 /* buzzer.wav in Resources */,
			);
			runOnlyForDeploymentPostprocessing = 0;
		};
		6D72CC022E90B3DC005D785A /* Resources */ = {
			isa = PBXResourcesBuildPhase;
			buildActionMask = 2147483647;
			files = (
			);
			runOnlyForDeploymentPostprocessing = 0;
		};
		6D72CC0C2E90B3DC005D785A /* Resources */ = {
			isa = PBXResourcesBuildPhase;
			buildActionMask = 2147483647;
			files = (
			);
			runOnlyForDeploymentPostprocessing = 0;
		};
/* End PBXResourcesBuildPhase section */

/* Begin PBXSourcesBuildPhase section */
		6D72CBF02E90B3D9005D785A /* Sources */ = {
			isa = PBXSourcesBuildPhase;
			buildActionMask = 2147483647;
			files = (
			);
			runOnlyForDeploymentPostprocessing = 0;
		};
		6D72CC002E90B3DC005D785A /* Sources */ = {
			isa = PBXSourcesBuildPhase;
			buildActionMask = 2147483647;
			files = (
			);
			runOnlyForDeploymentPostprocessing = 0;
		};
		6D72CC0A2E90B3DC005D785A /* Sources */ = {
			isa = PBXSourcesBuildPhase;
			buildActionMask = 2147483647;
			files = (
			);
			runOnlyForDeploymentPostprocessing = 0;
		};
/* End PBXSourcesBuildPhase section */

/* Begin PBXTargetDependency section */
		6D72CC062E90B3DC005D785A /* PBXTargetDependency */ = {
			isa = PBXTargetDependency;
			target = 6D72CBF32E90B3D9005D785A /* Basket Timer */;
			targetProxy = 6D72CC052E90B3DC005D785A /* PBXContainerItemProxy */;
		};
		6D72CC102E90B3DC005D785A /* PBXTargetDependency */ = {
			isa = PBXTargetDependency;
			target = 6D72CBF32E90B3D9005D785A /* Basket Timer */;
			targetProxy = 6D72CC0F2E90B3DC005D785A /* PBXContainerItemProxy */;
		};
/* End PBXTargetDependency section */

/* Begin XCBuildConfiguration section */
		6D72CC162E90B3DC005D785A /* Debug */ = {
			isa = XCBuildConfiguration;
			buildSettings = {
				ALWAYS_SEARCH_USER_PATHS = NO;
				ASSETCATALOG_COMPILER_GENERATE_SWIFT_ASSET_SYMBOL_EXTENSIONS = YES;
				CLANG_ANALYZER_NONNULL = YES;
				CLANG_ANALYZER_NUMBER_OBJECT_CONVERSION = YES_AGGRESSIVE;
				CLANG_CXX_LANGUAGE_STANDARD = "gnu++20";
				CLANG_ENABLE_MODULES = YES;
				CLANG_ENABLE_OBJC_ARC = YES;
				CLANG_ENABLE_OBJC_WEAK = YES;
				CLANG_WARN_BLOCK_CAPTURE_AUTORELEASING = YES;
				CLANG_WARN_BOOL_CONVERSION = YES;
				CLANG_WARN_COMMA = YES;
				CLANG_WARN_CONSTANT_CONVERSION = YES;
				CLANG_WARN_DEPRECATED_OBJC_IMPLEMENTATIONS = YES;
				CLANG_WARN_DIRECT_OBJC_ISA_USAGE = YES_ERROR;
				CLANG_WARN_DOCUMENTATION_COMMENTS = YES;
				CLANG_WARN_EMPTY_BODY = YES;
				CLANG_WARN_ENUM_CONVERSION = YES;
				CLANG_WARN_INFINITE_RECURSION = YES;
				CLANG_WARN_INT_CONVERSION = YES;
				CLANG_WARN_NON_LITERAL_NULL_CONVERSION = YES;
				CLANG_WARN_OBJC_IMPLICIT_RETAIN_SELF = YES;
				CLANG_WARN_OBJC_LITERAL_CONVERSION = YES;
				CLANG_WARN_OBJC_ROOT_CLASS = YES_ERROR;
				CLANG_WARN_QUOTED_INCLUDE_IN_FRAMEWORK_HEADER = YES;
				CLANG_WARN_RANGE_LOOP_ANALYSIS = YES;
				CLANG_WARN_STRICT_PROTOTYPES = YES;
				CLANG_WARN_SUSPICIOUS_MOVE = YES;
				CLANG_WARN_UNGUARDED_AVAILABILITY = YES_AGGRESSIVE;
				CLANG_WARN_UNREACHABLE_CODE = YES;
				CLANG_WARN__DUPLICATE_METHOD_MATCH = YES;
				COPY_PHASE_STRIP = NO;
				DEBUG_INFORMATION_FORMAT = dwarf;
				ENABLE_STRICT_OBJC_MSGSEND = YES;
				ENABLE_TESTABILITY = YES;
				ENABLE_USER_SCRIPT_SANDBOXING = YES;
				GCC_C_LANGUAGE_STANDARD = gnu17;
				GCC_DYNAMIC_NO_PIC = NO;
				GCC_NO_COMMON_BLOCKS = YES;
				GCC_OPTIMIZATION_LEVEL = 0;
				GCC_PREPROCESSOR_DEFINITIONS = (
					"DEBUG=1",
					"$(inherited)",
				);
				GCC_WARN_64_TO_32_BIT_CONVERSION = YES;
				GCC_WARN_ABOUT_RETURN_TYPE = YES_ERROR;
				GCC_WARN_UNDECLARED_SELECTOR = YES;
				GCC_WARN_UNINITIALIZED_AUTOS = YES_AGGRESSIVE;
				GCC_WARN_UNUSED_FUNCTION = YES;
				GCC_WARN_UNUSED_VARIABLE = YES;
				IPHONEOS_DEPLOYMENT_TARGET = 18.2;
				LOCALIZATION_PREFERS_STRING_CATALOGS = YES;
				MTL_ENABLE_DEBUG_INFO = INCLUDE_SOURCE;
				MTL_FAST_MATH = YES;
				ONLY_ACTIVE_ARCH = YES;
				SDKROOT = iphoneos;
				SWIFT_ACTIVE_COMPILATION_CONDITIONS = "DEBUG $(inherited)";
				SWIFT_OPTIMIZATION_LEVEL = "-Onone";
			};
			name = Debug;
		};
		6D72CC172E90B3DC005D785A /* Release */ = {
			isa = XCBuildConfiguration;
			buildSettings = {
				ALWAYS_SEARCH_USER_PATHS = NO;
				ASSETCATALOG_COMPILER_GENERATE_SWIFT_ASSET_SYMBOL_EXTENSIONS = YES;
				CLANG_ANALYZER_NONNULL = YES;
				CLANG_ANALYZER_NUMBER_OBJECT_CONVERSION = YES_AGGRESSIVE;
				CLANG_CXX_LANGUAGE_STANDARD = "gnu++20";
				CLANG_ENABLE_MODULES = YES;
				CLANG_ENABLE_OBJC_ARC = YES;
				CLANG_ENABLE_OBJC_WEAK = YES;
				CLANG_WARN_BLOCK_CAPTURE_AUTORELEASING = YES;
				CLANG_WARN_BOOL_CONVERSION = YES;
				CLANG_WARN_COMMA = YES;
				CLANG_WARN_CONSTANT_CONVERSION = YES;
				CLANG_WARN_DEPRECATED_OBJC_IMPLEMENTATIONS = YES;
				CLANG_WARN_DIRECT_OBJC_ISA_USAGE = YES_ERROR;
				CLANG_WARN_DOCUMENTATION_COMMENTS = YES;
				CLANG_WARN_EMPTY_BODY = YES;
				CLANG_WARN_ENUM_CONVERSION = YES;
				CLANG_WARN_INFINITE_RECURSION = YES;
				CLANG_WARN_INT_CONVERSION = YES;
				CLANG_WARN_NON_LITERAL_NULL_CONVERSION = YES;
				CLANG_WARN_OBJC_IMPLICIT_RETAIN_SELF = YES;
				CLANG_WARN_OBJC_LITERAL_CONVERSION = YES;
				CLANG_WARN_OBJC_ROOT_CLASS = YES_ERROR;
				CLANG_WARN_QUOTED_INCLUDE_IN_FRAMEWORK_HEADER = YES;
				CLANG_WARN_RANGE_LOOP_ANALYSIS = YES;
				CLANG_WARN_STRICT_PROTOTYPES = YES;
				CLANG_WARN_SUSPICIOUS_MOVE = YES;
				CLANG_WARN_UNGUARDED_AVAILABILITY = YES_AGGRESSIVE;
				CLANG_WARN_UNREACHABLE_CODE = YES;
				CLANG_WARN__DUPLICATE_METHOD_MATCH = YES;
				COPY_PHASE_STRIP = NO;
				DEBUG_INFORMATION_FORMAT = "dwarf-with-dsym";
				ENABLE_NS_ASSERTIONS = NO;
				ENABLE_STRICT_OBJC_MSGSEND = YES;
				ENABLE_USER_SCRIPT_SANDBOXING = YES;
				GCC_C_LANGUAGE_STANDARD = gnu17;
				GCC_NO_COMMON_BLOCKS = YES;
				GCC_WARN_64_TO_32_BIT_CONVERSION = YES;
				GCC_WARN_ABOUT_RETURN_TYPE = YES_ERROR;
				GCC_WARN_UNDECLARED_SELECTOR = YES;
				GCC_WARN_UNINITIALIZED_AUTOS = YES_AGGRESSIVE;
				GCC_WARN_UNUSED_FUNCTION = YES;
				GCC_WARN_UNUSED_VARIABLE = YES;
				IPHONEOS_DEPLOYMENT_TARGET = 18.2;
				LOCALIZATION_PREFERS_STRING_CATALOGS = YES;
				MTL_ENABLE_DEBUG_INFO = NO;
				MTL_FAST_MATH = YES;
				SDKROOT = iphoneos;
				SWIFT_COMPILATION_MODE = wholemodule;
				VALIDATE_PRODUCT = YES;
			};
			name = Release;
		};
		6D72CC192E90B3DC005D785A /* Debug */ = {
			isa = XCBuildConfiguration;
			buildSettings = {
				ASSETCATALOG_COMPILER_APPICON_NAME = AppIcon;
				ASSETCATALOG_COMPILER_GLOBAL_ACCENT_COLOR_NAME = AccentColor;
				CODE_SIGN_STYLE = Automatic;
				CURRENT_PROJECT_VERSION = 1;
				DEVELOPMENT_ASSET_PATHS = "\"Basket Timer/Preview Content\"";
				DEVELOPMENT_TEAM = 25BKF8RTR3;
				ENABLE_PREVIEWS = YES;
				GENERATE_INFOPLIST_FILE = YES;
				INFOPLIST_KEY_UIApplicationSceneManifest_Generation = YES;
				INFOPLIST_KEY_UIApplicationSupportsIndirectInputEvents = YES;
				INFOPLIST_KEY_UILaunchScreen_Generation = YES;
				INFOPLIST_KEY_UISupportedInterfaceOrientations_iPad = "UIInterfaceOrientationPortrait UIInterfaceOrientationPortraitUpsideDown UIInterfaceOrientationLandscapeLeft UIInterfaceOrientationLandscapeRight";
				INFOPLIST_KEY_UISupportedInterfaceOrientations_iPhone = "UIInterfaceOrientationPortrait UIInterfaceOrientationLandscapeLeft UIInterfaceOrientationLandscapeRight";
				LD_RUNPATH_SEARCH_PATHS = (
					"$(inherited)",
					"@executable_path/Frameworks",
				);
				MARKETING_VERSION = 1.0;
				PRODUCT_BUNDLE_IDENTIFIER = "jp.co.B-Ball-Timer";
				PRODUCT_NAME = "$(TARGET_NAME)";
				SWIFT_EMIT_LOC_STRINGS = YES;
				SWIFT_VERSION = 5.0;
				TARGETED_DEVICE_FAMILY = "1,2";
			};
			name = Debug;
		};
		6D72CC1A2E90B3DC005D785A /* Release */ = {
			isa = XCBuildConfiguration;
			buildSettings = {
				ASSETCATALOG_COMPILER_APPICON_NAME = AppIcon;
				ASSETCATALOG_COMPILER_GLOBAL_ACCENT_COLOR_NAME = AccentColor;
				CODE_SIGN_STYLE = Automatic;
				CURRENT_PROJECT_VERSION = 1;
				DEVELOPMENT_ASSET_PATHS = "\"Basket Timer/Preview Content\"";
				DEVELOPMENT_TEAM = 25BKF8RTR3;
				ENABLE_PREVIEWS = YES;
				GENERATE_INFOPLIST_FILE = YES;
				INFOPLIST_KEY_UIApplicationSceneManifest_Generation = YES;
				INFOPLIST_KEY_UIApplicationSupportsIndirectInputEvents = YES;
				INFOPLIST_KEY_UILaunchScreen_Generation = YES;
				INFOPLIST_KEY_UISupportedInterfaceOrientations_iPad = "UIInterfaceOrientationPortrait UIInterfaceOrientationPortraitUpsideDown UIInterfaceOrientationLandscapeLeft UIInterfaceOrientationLandscapeRight";
				INFOPLIST_KEY_UISupportedInterfaceOrientations_iPhone = "UIInterfaceOrientationPortrait UIInterfaceOrientationLandscapeLeft UIInterfaceOrientationLandscapeRight";
				LD_RUNPATH_SEARCH_PATHS = (
					"$(inherited)",
					"@executable_path/Frameworks",
				);
				MARKETING_VERSION = 1.0;
				PRODUCT_BUNDLE_IDENTIFIER = "jp.co.B-Ball-Timer";
				PRODUCT_NAME = "$(TARGET_NAME)";
				SWIFT_EMIT_LOC_STRINGS = YES;
				SWIFT_VERSION = 5.0;
				TARGETED_DEVICE_FAMILY = "1,2";
			};
			name = Release;
		};
		6D72CC1C2E90B3DC005D785A /* Debug */ = {
			isa = XCBuildConfiguration;
			buildSettings = {
				BUNDLE_LOADER = "$(TEST_HOST)";
				CODE_SIGN_STYLE = Automatic;
				CURRENT_PROJECT_VERSION = 1;
				DEVELOPMENT_TEAM = 25BKF8RTR3;
				GENERATE_INFOPLIST_FILE = YES;
				IPHONEOS_DEPLOYMENT_TARGET = 18.2;
				MARKETING_VERSION = 1.0;
				PRODUCT_BUNDLE_IDENTIFIER = "jp.co.B-Ball-TimerTests";
				PRODUCT_NAME = "$(TARGET_NAME)";
				SWIFT_EMIT_LOC_STRINGS = NO;
				SWIFT_VERSION = 5.0;
				TARGETED_DEVICE_FAMILY = "1,2";
				TEST_HOST = "$(BUILT_PRODUCTS_DIR)/Basket Timer.app/$(BUNDLE_EXECUTABLE_FOLDER_PATH)/Basket Timer";
			};
			name = Debug;
		};
		6D72CC1D2E90B3DC005D785A /* Release */ = {
			isa = XCBuildConfiguration;
			buildSettings = {
				BUNDLE_LOADER = "$(TEST_HOST)";
				CODE_SIGN_STYLE = Automatic;
				CURRENT_PROJECT_VERSION = 1;
				DEVELOPMENT_TEAM = 25BKF8RTR3;
				GENERATE_INFOPLIST_FILE = YES;
				IPHONEOS_DEPLOYMENT_TARGET = 18.2;
				MARKETING_VERSION = 1.0;
				PRODUCT_BUNDLE_IDENTIFIER = "jp.co.B-Ball-TimerTests";
				PRODUCT_NAME = "$(TARGET_NAME)";
				SWIFT_EMIT_LOC_STRINGS = NO;
				SWIFT_VERSION = 5.0;
				TARGETED_DEVICE_FAMILY = "1,2";
				TEST_HOST = "$(BUILT_PRODUCTS_DIR)/Basket Timer.app/$(BUNDLE_EXECUTABLE_FOLDER_PATH)/Basket Timer";
			};
			name = Release;
		};
		6D72CC1F2E90B3DC005D785A /* Debug */ = {
			isa = XCBuildConfiguration;
			buildSettings = {
				CODE_SIGN_STYLE = Automatic;
				CURRENT_PROJECT_VERSION = 1;
				DEVELOPMENT_TEAM = 25BKF8RTR3;
				GENERATE_INFOPLIST_FILE = YES;
				MARKETING_VERSION = 1.0;
				PRODUCT_BUNDLE_IDENTIFIER = "jp.co.B-Ball-TimerUITests";
				PRODUCT_NAME = "$(TARGET_NAME)";
				SWIFT_EMIT_LOC_STRINGS = NO;
				SWIFT_VERSION = 5.0;
				TARGETED_DEVICE_FAMILY = "1,2";
				TEST_TARGET_NAME = "B-Ball Timer";
			};
			name = Debug;
		};
		6D72CC202E90B3DC005D785A /* Release */ = {
			isa = XCBuildConfiguration;
			buildSettings = {
				CODE_SIGN_STYLE = Automatic;
				CURRENT_PROJECT_VERSION = 1;
				DEVELOPMENT_TEAM = 25BKF8RTR3;
				GENERATE_INFOPLIST_FILE = YES;
				MARKETING_VERSION = 1.0;
				PRODUCT_BUNDLE_IDENTIFIER = "jp.co.B-Ball-TimerUITests";
				PRODUCT_NAME = "$(TARGET_NAME)";
				SWIFT_EMIT_LOC_STRINGS = NO;
				SWIFT_VERSION = 5.0;
				TARGETED_DEVICE_FAMILY = "1,2";
				TEST_TARGET_NAME = "B-Ball Timer";
			};
			name = Release;
		};
/* End XCBuildConfiguration section */

/* Begin XCConfigurationList section */
		6D72CBEF2E90B3D8005D785A /* Build configuration list for PBXProject "Basket Timer" */ = {
			isa = XCConfigurationList;
			buildConfigurations = (
				6D72CC162E90B3DC005D785A /* Debug */,
				6D72CC172E90B3DC005D785A /* Release */,
			);
			defaultConfigurationIsVisible = 0;
			defaultConfigurationName = Release;
		};
		6D72CC182E90B3DC005D785A /* Build configuration list for PBXNativeTarget "Basket Timer" */ = {
			isa = XCConfigurationList;
			buildConfigurations = (
				6D72CC192E90B3DC005D785A /* Debug */,
				6D72CC1A2E90B3DC005D785A /* Release */,
			);
			defaultConfigurationIsVisible = 0;
			defaultConfigurationName = Release;
		};
		6D72CC1B2E90B3DC005D785A /* Build configuration list for PBXNativeTarget "Basket TimerTests" */ = {
			isa = XCConfigurationList;
			buildConfigurations = (
				6D72CC1C2E90B3DC005D785A /* Debug */,
				6D72CC1D2E90B3DC005D785A /* Release */,
			);
			defaultConfigurationIsVisible = 0;
			defaultConfigurationName = Release;
		};
		6D72CC1E2E90B3DC005D785A /* Build configuration list for PBXNativeTarget "Basket TimerUITests" */ = {
			isa = XCConfigurationList;
			buildConfigurations = (
				6D72CC1F2E90B3DC005D785A /* Debug */,
				6D72CC202E90B3DC005D785A /* Release */,
			);
			defaultConfigurationIsVisible = 0;
			defaultConfigurationName = Release;
		};
/* End XCConfigurationList section */
	};
	rootObject = 6D72CBEC2E90B3D8005D785A /* Project object */;
}
